
Microsoft Visual Studio Solution File, Format Version 12.00
# Visual Studio Version 17
VisualStudioVersion = 17.3.32804.467
MinimumVisualStudioVersion = 10.0.40219.1
Project("{9A19103F-16F7-4668-BE54-9A1E7A4F7556}") = "RefleCS", "RefleCS\RefleCS.csproj", "{59BBF52F-2EC0-4683-81E7-FD43E6B04813}"
EndProject
Project("{9A19103F-16F7-4668-BE54-9A1E7A4F7556}") = "RefleCS.Tests", "RefleCS.Tests\RefleCS.Tests.csproj", "{B9C6A0DF-2C8A-4692-8DF8-F5EE7C5FC2BC}"
EndProject
Project("{2150E333-8FDC-42A3-9474-1A3956D46DE8}") = "Solution Items", "Solution Items", "{7C93CB03-2AA8-45E5-8FA9-1F10C79F766E}"
	ProjectSection(SolutionItems) = preProject
		.editorconfig = .editorconfig
	EndProjectSection
EndProject
Project("{FAE04EC0-301F-11D3-BF4B-00C04F79EFBC}") = "RefleCS.TestTools", "RefleCS.TestTools\RefleCS.TestTools.csproj", "{5A96B93D-C564-4592-94C0-B2B62D028AB4}"
EndProject
Project("{FAE04EC0-301F-11D3-BF4B-00C04F79EFBC}") = "ReflecCS.TestKit", "ReflecCS.TestKit\ReflecCS.TestKit.csproj", "{A2BB1BB9-6451-4832-9E98-F30C4BC7CED0}"
EndProject
Global
	GlobalSection(SolutionConfigurationPlatforms) = preSolution
		Debug|Any CPU = Debug|Any CPU
		Release|Any CPU = Release|Any CPU
	EndGlobalSection
	GlobalSection(ProjectConfigurationPlatforms) = postSolution
		{59BBF52F-2EC0-4683-81E7-FD43E6B04813}.Debug|Any CPU.ActiveCfg = Debug|Any CPU
		{59BBF52F-2EC0-4683-81E7-FD43E6B04813}.Debug|Any CPU.Build.0 = Debug|Any CPU
		{59BBF52F-2EC0-4683-81E7-FD43E6B04813}.Release|Any CPU.ActiveCfg = Release|Any CPU
		{59BBF52F-2EC0-4683-81E7-FD43E6B04813}.Release|Any CPU.Build.0 = Release|Any CPU
		{B9C6A0DF-2C8A-4692-8DF8-F5EE7C5FC2BC}.Debug|Any CPU.ActiveCfg = Debug|Any CPU
		{B9C6A0DF-2C8A-4692-8DF8-F5EE7C5FC2BC}.Debug|Any CPU.Build.0 = Debug|Any CPU
		{B9C6A0DF-2C8A-4692-8DF8-F5EE7C5FC2BC}.Release|Any CPU.ActiveCfg = Release|Any CPU
		{B9C6A0DF-2C8A-4692-8DF8-F5EE7C5FC2BC}.Release|Any CPU.Build.0 = Release|Any CPU
		{5A96B93D-C564-4592-94C0-B2B62D028AB4}.Debug|Any CPU.ActiveCfg = Debug|Any CPU
		{5A96B93D-C564-4592-94C0-B2B62D028AB4}.Debug|Any CPU.Build.0 = Debug|Any CPU
		{5A96B93D-C564-4592-94C0-B2B62D028AB4}.Release|Any CPU.ActiveCfg = Release|Any CPU
		{5A96B93D-C564-4592-94C0-B2B62D028AB4}.Release|Any CPU.Build.0 = Release|Any CPU
		{A2BB1BB9-6451-4832-9E98-F30C4BC7CED0}.Debug|Any CPU.ActiveCfg = Debug|Any CPU
		{A2BB1BB9-6451-4832-9E98-F30C4BC7CED0}.Debug|Any CPU.Build.0 = Debug|Any CPU
		{A2BB1BB9-6451-4832-9E98-F30C4BC7CED0}.Release|Any CPU.ActiveCfg = Release|Any CPU
		{A2BB1BB9-6451-4832-9E98-F30C4BC7CED0}.Release|Any CPU.Build.0 = Release|Any CPU
	EndGlobalSection
	GlobalSection(SolutionProperties) = preSolution
		HideSolutionNode = FALSE
	EndGlobalSection
	GlobalSection(ExtensibilityGlobals) = postSolution
		SolutionGuid = {05A1F315-50E0-40FF-915B-C660230C1031}
	EndGlobalSection
EndGlobal
